// !$*UTF8*$!
{
	archiveVersion = 1;
	classes = {
	};
	objectVersion = 46;
	objects = {

/* Begin PBXBuildFile section */
		BC9A22921D43E7FE0038C7BC /* main.m in Sources */ = {isa = PBXBuildFile; fileRef = BC9A22911D43E7FE0038C7BC /* main.m */; };
		BC9A22951D43E7FE0038C7BC /* AppDelegate.m in Sources */ = {isa = PBXBuildFile; fileRef = BC9A22941D43E7FE0038C7BC /* AppDelegate.m */; };
		BC9A22981D43E7FE0038C7BC /* MasterViewController.m in Sources */ = {isa = PBXBuildFile; fileRef = BC9A22971D43E7FE0038C7BC /* MasterViewController.m */; };
		BC9A229B1D43E7FE0038C7BC /* DetailViewController.m in Sources */ = {isa = PBXBuildFile; fileRef = BC9A229A1D43E7FE0038C7BC /* DetailViewController.m */; };
		BC9A229E1D43E7FE0038C7BC /* Main.storyboard in Resources */ = {isa = PBXBuildFile; fileRef = BC9A229C1D43E7FE0038C7BC /* Main.storyboard */; };
		BC9A22A01D43E7FE0038C7BC /* Assets.xcassets in Resources */ = {isa = PBXBuildFile; fileRef = BC9A229F1D43E7FE0038C7BC /* Assets.xcassets */; };
		BC9A22A31D43E7FE0038C7BC /* LaunchScreen.storyboard in Resources */ = {isa = PBXBuildFile; fileRef = BC9A22A11D43E7FE0038C7BC /* LaunchScreen.storyboard */; };
		BC9A22AE1D43E7FE0038C7BC /* BetterFriendTests.m in Sources */ = {isa = PBXBuildFile; fileRef = BC9A22AD1D43E7FE0038C7BC /* BetterFriendTests.m */; };
		BC9A22B91D43E7FE0038C7BC /* BetterFriendUITests.m in Sources */ = {isa = PBXBuildFile; fileRef = BC9A22B81D43E7FE0038C7BC /* BetterFriendUITests.m */; };
		BC9A22C91D43EC630038C7BC /* FBSDKCoreKit.framework in Frameworks */ = {isa = PBXBuildFile; fileRef = BC9A22C61D43EC630038C7BC /* FBSDKCoreKit.framework */; };
		BC9A22CA1D43EC630038C7BC /* FBSDKLoginKit.framework in Frameworks */ = {isa = PBXBuildFile; fileRef = BC9A22C71D43EC630038C7BC /* FBSDKLoginKit.framework */; };
		BC9A22CB1D43EC630038C7BC /* FBSDKShareKit.framework in Frameworks */ = {isa = PBXBuildFile; fileRef = BC9A22C81D43EC630038C7BC /* FBSDKShareKit.framework */; };
		BC9A22CE1D43ED7C0038C7BC /* Bolts.framework in Frameworks */ = {isa = PBXBuildFile; fileRef = BC9A22CD1D43ED7C0038C7BC /* Bolts.framework */; };
		BC9A22D11D43F6BA0038C7BC /* Contacts.framework in Frameworks */ = {isa = PBXBuildFile; fileRef = BC9A22CF1D43F6BA0038C7BC /* Contacts.framework */; };
		BC9A22D21D43F6BA0038C7BC /* ContactsUI.framework in Frameworks */ = {isa = PBXBuildFile; fileRef = BC9A22D01D43F6BA0038C7BC /* ContactsUI.framework */; };
		BC9A22D41D4409250038C7BC /* locations.json in Resources */ = {isa = PBXBuildFile; fileRef = BC9A22D31D4409250038C7BC /* locations.json */; };
		BC9A22DA1D440BC60038C7BC /* ManageTableViewController.m in Sources */ = {isa = PBXBuildFile; fileRef = BC9A22D91D440BC60038C7BC /* ManageTableViewController.m */; };
		BC9A22DD1D446D1B0038C7BC /* LocationsTableViewController.m in Sources */ = {isa = PBXBuildFile; fileRef = BC9A22DC1D446D1B0038C7BC /* LocationsTableViewController.m */; };
		BC9A22E31D44A7030038C7BC /* BetterFriend.xcdatamodeld in Sources */ = {isa = PBXBuildFile; fileRef = BC9A22E11D44A7030038C7BC /* BetterFriend.xcdatamodeld */; };
		BC9A236C1D44AC9D0038C7BC /* CoreData.framework in Frameworks */ = {isa = PBXBuildFile; fileRef = BC9A236B1D44AC9D0038C7BC /* CoreData.framework */; };
		BC9A23851D44AD9F0038C7BC /* Location+CoreDataProperties.m in Sources */ = {isa = PBXBuildFile; fileRef = BC9A236E1D44AD9E0038C7BC /* Location+CoreDataProperties.m */; };
		BC9A23861D44AD9F0038C7BC /* Location+CoreDataProperties.m in Sources */ = {isa = PBXBuildFile; fileRef = BC9A236E1D44AD9E0038C7BC /* Location+CoreDataProperties.m */; };
		BC9A23871D44AD9F0038C7BC /* Location.m in Sources */ = {isa = PBXBuildFile; fileRef = BC9A23701D44AD9E0038C7BC /* Location.m */; };
		BC9A23881D44AD9F0038C7BC /* Location.m in Sources */ = {isa = PBXBuildFile; fileRef = BC9A23701D44AD9E0038C7BC /* Location.m */; };
		BC9A23891D44AD9F0038C7BC /* Dislike+CoreDataProperties.m in Sources */ = {isa = PBXBuildFile; fileRef = BC9A23721D44AD9E0038C7BC /* Dislike+CoreDataProperties.m */; };
		BC9A238A1D44AD9F0038C7BC /* Dislike+CoreDataProperties.m in Sources */ = {isa = PBXBuildFile; fileRef = BC9A23721D44AD9E0038C7BC /* Dislike+CoreDataProperties.m */; };
		BC9A238B1D44AD9F0038C7BC /* Dislike.m in Sources */ = {isa = PBXBuildFile; fileRef = BC9A23741D44AD9E0038C7BC /* Dislike.m */; };
		BC9A238C1D44AD9F0038C7BC /* Dislike.m in Sources */ = {isa = PBXBuildFile; fileRef = BC9A23741D44AD9E0038C7BC /* Dislike.m */; };
		BC9A238D1D44AD9F0038C7BC /* Friend+CoreDataProperties.m in Sources */ = {isa = PBXBuildFile; fileRef = BC9A23761D44AD9E0038C7BC /* Friend+CoreDataProperties.m */; };
		BC9A238E1D44AD9F0038C7BC /* Friend+CoreDataProperties.m in Sources */ = {isa = PBXBuildFile; fileRef = BC9A23761D44AD9E0038C7BC /* Friend+CoreDataProperties.m */; };
		BC9A238F1D44AD9F0038C7BC /* Friend.m in Sources */ = {isa = PBXBuildFile; fileRef = BC9A23781D44AD9E0038C7BC /* Friend.m */; };
		BC9A23901D44AD9F0038C7BC /* Friend.m in Sources */ = {isa = PBXBuildFile; fileRef = BC9A23781D44AD9E0038C7BC /* Friend.m */; };
		BC9A23911D44AD9F0038C7BC /* Like+CoreDataProperties.m in Sources */ = {isa = PBXBuildFile; fileRef = BC9A237A1D44AD9E0038C7BC /* Like+CoreDataProperties.m */; };
		BC9A23921D44AD9F0038C7BC /* Like+CoreDataProperties.m in Sources */ = {isa = PBXBuildFile; fileRef = BC9A237A1D44AD9E0038C7BC /* Like+CoreDataProperties.m */; };
		BC9A23931D44AD9F0038C7BC /* Like.m in Sources */ = {isa = PBXBuildFile; fileRef = BC9A237C1D44AD9E0038C7BC /* Like.m */; };
		BC9A23941D44AD9F0038C7BC /* Like.m in Sources */ = {isa = PBXBuildFile; fileRef = BC9A237C1D44AD9E0038C7BC /* Like.m */; };
		BC9A23991D44AD9F0038C7BC /* Correspondence+CoreDataProperties.m in Sources */ = {isa = PBXBuildFile; fileRef = BC9A23821D44AD9F0038C7BC /* Correspondence+CoreDataProperties.m */; };
		BC9A239A1D44AD9F0038C7BC /* Correspondence+CoreDataProperties.m in Sources */ = {isa = PBXBuildFile; fileRef = BC9A23821D44AD9F0038C7BC /* Correspondence+CoreDataProperties.m */; };
		BC9A239B1D44AD9F0038C7BC /* Correspondence.m in Sources */ = {isa = PBXBuildFile; fileRef = BC9A23841D44AD9F0038C7BC /* Correspondence.m */; };
		BC9A239C1D44AD9F0038C7BC /* Correspondence.m in Sources */ = {isa = PBXBuildFile; fileRef = BC9A23841D44AD9F0038C7BC /* Correspondence.m */; };
		BC9A23A01D44C0A30038C7BC /* FriendSetupViewController.m in Sources */ = {isa = PBXBuildFile; fileRef = BC9A239F1D44C0A30038C7BC /* FriendSetupViewController.m */; };
		BC9A23A11D44C0A30038C7BC /* FriendSetupViewController.m in Sources */ = {isa = PBXBuildFile; fileRef = BC9A239F1D44C0A30038C7BC /* FriendSetupViewController.m */; };
		BC9A23A21D44C0A30038C7BC /* FriendSetupViewController.m in Sources */ = {isa = PBXBuildFile; fileRef = BC9A239F1D44C0A30038C7BC /* FriendSetupViewController.m */; };
		BC9A23B71D450DFB0038C7BC /* Sample Email.txt in Resources */ = {isa = PBXBuildFile; fileRef = BC9A23B51D450DFB0038C7BC /* Sample Email.txt */; };
		BC9A23B81D450DFB0038C7BC /* Sample Email.txt in Resources */ = {isa = PBXBuildFile; fileRef = BC9A23B51D450DFB0038C7BC /* Sample Email.txt */; };
		BC9A23B91D450DFB0038C7BC /* Sample Email.txt in Resources */ = {isa = PBXBuildFile; fileRef = BC9A23B51D450DFB0038C7BC /* Sample Email.txt */; };
		BC9A23BA1D450DFB0038C7BC /* Sample Text Message.txt in Resources */ = {isa = PBXBuildFile; fileRef = BC9A23B61D450DFB0038C7BC /* Sample Text Message.txt */; };
		BC9A23BB1D450DFB0038C7BC /* Sample Text Message.txt in Resources */ = {isa = PBXBuildFile; fileRef = BC9A23B61D450DFB0038C7BC /* Sample Text Message.txt */; };
		BC9A23BC1D450DFB0038C7BC /* Sample Text Message.txt in Resources */ = {isa = PBXBuildFile; fileRef = BC9A23B61D450DFB0038C7BC /* Sample Text Message.txt */; };
		D9A3B1511D43EB55002E6E09 /* GoogleService-Info.plist in Resources */ = {isa = PBXBuildFile; fileRef = D9A3B1501D43EB55002E6E09 /* GoogleService-Info.plist */; };
		D9A3B1901D43ED8C002E6E09 /* GoogleMobileAds.framework in Frameworks */ = {isa = PBXBuildFile; fileRef = D9A3B15E1D43ED8C002E6E09 /* GoogleMobileAds.framework */; };
		D9A3B1911D43ED8C002E6E09 /* FirebaseAnalytics.framework in Frameworks */ = {isa = PBXBuildFile; fileRef = D9A3B1601D43ED8C002E6E09 /* FirebaseAnalytics.framework */; };
		D9A3B1921D43ED8C002E6E09 /* FirebaseInstanceID.framework in Frameworks */ = {isa = PBXBuildFile; fileRef = D9A3B1611D43ED8C002E6E09 /* FirebaseInstanceID.framework */; };
		D9A3B1931D43ED8C002E6E09 /* GoogleInterchangeUtilities.framework in Frameworks */ = {isa = PBXBuildFile; fileRef = D9A3B1621D43ED8C002E6E09 /* GoogleInterchangeUtilities.framework */; };
		D9A3B1941D43ED8C002E6E09 /* GoogleSymbolUtilities.framework in Frameworks */ = {isa = PBXBuildFile; fileRef = D9A3B1631D43ED8C002E6E09 /* GoogleSymbolUtilities.framework */; };
		D9A3B1951D43ED8C002E6E09 /* GoogleUtilities.framework in Frameworks */ = {isa = PBXBuildFile; fileRef = D9A3B1641D43ED8C002E6E09 /* GoogleUtilities.framework */; };
		D9A3B1961D43ED8C002E6E09 /* FirebaseAppIndexing.framework in Frameworks */ = {isa = PBXBuildFile; fileRef = D9A3B1661D43ED8C002E6E09 /* FirebaseAppIndexing.framework */; };
		D9A3B1971D43ED8C002E6E09 /* FirebaseAuth.framework in Frameworks */ = {isa = PBXBuildFile; fileRef = D9A3B1681D43ED8C002E6E09 /* FirebaseAuth.framework */; };
		D9A3B1981D43ED8C002E6E09 /* GoogleNetworkingUtilities.framework in Frameworks */ = {isa = PBXBuildFile; fileRef = D9A3B1691D43ED8C002E6E09 /* GoogleNetworkingUtilities.framework */; };
		D9A3B1991D43ED8C002E6E09 /* GoogleParsingUtilities.framework in Frameworks */ = {isa = PBXBuildFile; fileRef = D9A3B16A1D43ED8C002E6E09 /* GoogleParsingUtilities.framework */; };
		D9A3B19A1D43ED8C002E6E09 /* batch-upload in Resources */ = {isa = PBXBuildFile; fileRef = D9A3B16C1D43ED8C002E6E09 /* batch-upload */; };
		D9A3B19B1D43ED8C002E6E09 /* dump_syms in Resources */ = {isa = PBXBuildFile; fileRef = D9A3B16D1D43ED8C002E6E09 /* dump_syms */; };
		D9A3B19C1D43ED8C002E6E09 /* FirebaseCrash.framework in Frameworks */ = {isa = PBXBuildFile; fileRef = D9A3B16E1D43ED8C002E6E09 /* FirebaseCrash.framework */; };
		D9A3B19D1D43ED8C002E6E09 /* upload-sym in Resources */ = {isa = PBXBuildFile; fileRef = D9A3B16F1D43ED8C002E6E09 /* upload-sym */; };
		D9A3B19E1D43ED8C002E6E09 /* upload-sym-util.bash in Resources */ = {isa = PBXBuildFile; fileRef = D9A3B1701D43ED8C002E6E09 /* upload-sym-util.bash */; };
		D9A3B19F1D43ED8C002E6E09 /* upload-sym.sh in Resources */ = {isa = PBXBuildFile; fileRef = D9A3B1711D43ED8C002E6E09 /* upload-sym.sh */; };
		D9A3B1A01D43ED8C002E6E09 /* FirebaseDatabase.framework in Frameworks */ = {isa = PBXBuildFile; fileRef = D9A3B1731D43ED8C002E6E09 /* FirebaseDatabase.framework */; };
		D9A3B1A11D43ED8C002E6E09 /* FirebaseDynamicLinks.framework in Frameworks */ = {isa = PBXBuildFile; fileRef = D9A3B1751D43ED8C002E6E09 /* FirebaseDynamicLinks.framework */; };
		D9A3B1A21D43ED8C002E6E09 /* FirebaseDynamicLinks.framework in Frameworks */ = {isa = PBXBuildFile; fileRef = D9A3B1781D43ED8C002E6E09 /* FirebaseDynamicLinks.framework */; };
		D9A3B1A31D43ED8C002E6E09 /* FirebaseInvites.framework in Frameworks */ = {isa = PBXBuildFile; fileRef = D9A3B1791D43ED8C002E6E09 /* FirebaseInvites.framework */; };
		D9A3B1A41D43ED8C002E6E09 /* GoogleAppUtilities.framework in Frameworks */ = {isa = PBXBuildFile; fileRef = D9A3B17A1D43ED8C002E6E09 /* GoogleAppUtilities.framework */; };
		D9A3B1A51D43ED8C002E6E09 /* GoogleAuthUtilities.framework in Frameworks */ = {isa = PBXBuildFile; fileRef = D9A3B17B1D43ED8C002E6E09 /* GoogleAuthUtilities.framework */; };
		D9A3B1A61D43ED8C002E6E09 /* GoogleNetworkingUtilities.framework in Frameworks */ = {isa = PBXBuildFile; fileRef = D9A3B17C1D43ED8C002E6E09 /* GoogleNetworkingUtilities.framework */; };
		D9A3B1A71D43ED8C002E6E09 /* GoogleParsingUtilities.framework in Frameworks */ = {isa = PBXBuildFile; fileRef = D9A3B17D1D43ED8C002E6E09 /* GoogleParsingUtilities.framework */; };
		D9A3B1A81D43ED8C002E6E09 /* GooglePlusUtilities.framework in Frameworks */ = {isa = PBXBuildFile; fileRef = D9A3B17E1D43ED8C002E6E09 /* GooglePlusUtilities.framework */; };
		D9A3B1A91D43ED8C002E6E09 /* GoogleSignIn.framework in Frameworks */ = {isa = PBXBuildFile; fileRef = D9A3B17F1D43ED8C002E6E09 /* GoogleSignIn.framework */; };
		D9A3B1AA1D43ED8C002E6E09 /* GINInviteResources.bundle in Resources */ = {isa = PBXBuildFile; fileRef = D9A3B1811D43ED8C002E6E09 /* GINInviteResources.bundle */; };
		D9A3B1AB1D43ED8C002E6E09 /* GPPACLPickerResources.bundle in Resources */ = {isa = PBXBuildFile; fileRef = D9A3B1821D43ED8C002E6E09 /* GPPACLPickerResources.bundle */; };
		D9A3B1AC1D43ED8C002E6E09 /* GTMOAuth2ViewTouch.xib in Resources */ = {isa = PBXBuildFile; fileRef = D9A3B1831D43ED8C002E6E09 /* GTMOAuth2ViewTouch.xib */; };
		D9A3B1AD1D43ED8C002E6E09 /* FirebaseMessaging.framework in Frameworks */ = {isa = PBXBuildFile; fileRef = D9A3B1851D43ED8C002E6E09 /* FirebaseMessaging.framework */; };
		D9A3B1AE1D43ED8C002E6E09 /* GoogleIPhoneUtilities.framework in Frameworks */ = {isa = PBXBuildFile; fileRef = D9A3B1861D43ED8C002E6E09 /* GoogleIPhoneUtilities.framework */; };
		D9A3B1AF1D43ED8C002E6E09 /* NOTICES in Resources */ = {isa = PBXBuildFile; fileRef = D9A3B1881D43ED8C002E6E09 /* NOTICES */; };
		D9A3B1B01D43ED8C002E6E09 /* README.md in Sources */ = {isa = PBXBuildFile; fileRef = D9A3B1891D43ED8C002E6E09 /* README.md */; };
		D9A3B1B11D43ED8C002E6E09 /* FirebaseRemoteConfig.framework in Frameworks */ = {isa = PBXBuildFile; fileRef = D9A3B18B1D43ED8C002E6E09 /* FirebaseRemoteConfig.framework */; };
		D9A3B1B21D43ED8C002E6E09 /* GoogleIPhoneUtilities.framework in Frameworks */ = {isa = PBXBuildFile; fileRef = D9A3B18C1D43ED8C002E6E09 /* GoogleIPhoneUtilities.framework */; };
		D9A3B1B31D43ED8C002E6E09 /* FirebaseStorage.framework in Frameworks */ = {isa = PBXBuildFile; fileRef = D9A3B18E1D43ED8C002E6E09 /* FirebaseStorage.framework */; };
		D9A3B1B41D43ED8C002E6E09 /* GoogleNetworkingUtilities.framework in Frameworks */ = {isa = PBXBuildFile; fileRef = D9A3B18F1D43ED8C002E6E09 /* GoogleNetworkingUtilities.framework */; };
		D9A3B1BA1D441EE8002E6E09 /* FriendManager.m in Sources */ = {isa = PBXBuildFile; fileRef = D9A3B1B91D441EE8002E6E09 /* FriendManager.m */; };
/* End PBXBuildFile section */

/* Begin PBXContainerItemProxy section */
		BC9A22AA1D43E7FE0038C7BC /* PBXContainerItemProxy */ = {
			isa = PBXContainerItemProxy;
			containerPortal = BC9A22851D43E7FE0038C7BC /* Project object */;
			proxyType = 1;
			remoteGlobalIDString = BC9A228C1D43E7FE0038C7BC;
			remoteInfo = BetterFriend;
		};
		BC9A22B51D43E7FE0038C7BC /* PBXContainerItemProxy */ = {
			isa = PBXContainerItemProxy;
			containerPortal = BC9A22851D43E7FE0038C7BC /* Project object */;
			proxyType = 1;
			remoteGlobalIDString = BC9A228C1D43E7FE0038C7BC;
			remoteInfo = BetterFriend;
		};
/* End PBXContainerItemProxy section */

/* Begin PBXFileReference section */
		BC9A228D1D43E7FE0038C7BC /* BetterFriend.app */ = {isa = PBXFileReference; explicitFileType = wrapper.application; includeInIndex = 0; path = BetterFriend.app; sourceTree = BUILT_PRODUCTS_DIR; };
		BC9A22911D43E7FE0038C7BC /* main.m */ = {isa = PBXFileReference; lastKnownFileType = sourcecode.c.objc; path = main.m; sourceTree = "<group>"; };
		BC9A22931D43E7FE0038C7BC /* AppDelegate.h */ = {isa = PBXFileReference; lastKnownFileType = sourcecode.c.h; path = AppDelegate.h; sourceTree = "<group>"; };
		BC9A22941D43E7FE0038C7BC /* AppDelegate.m */ = {isa = PBXFileReference; lastKnownFileType = sourcecode.c.objc; path = AppDelegate.m; sourceTree = "<group>"; };
		BC9A22961D43E7FE0038C7BC /* MasterViewController.h */ = {isa = PBXFileReference; lastKnownFileType = sourcecode.c.h; path = MasterViewController.h; sourceTree = "<group>"; };
		BC9A22971D43E7FE0038C7BC /* MasterViewController.m */ = {isa = PBXFileReference; lastKnownFileType = sourcecode.c.objc; path = MasterViewController.m; sourceTree = "<group>"; };
		BC9A22991D43E7FE0038C7BC /* DetailViewController.h */ = {isa = PBXFileReference; lastKnownFileType = sourcecode.c.h; path = DetailViewController.h; sourceTree = "<group>"; };
		BC9A229A1D43E7FE0038C7BC /* DetailViewController.m */ = {isa = PBXFileReference; lastKnownFileType = sourcecode.c.objc; path = DetailViewController.m; sourceTree = "<group>"; };
		BC9A229D1D43E7FE0038C7BC /* Base */ = {isa = PBXFileReference; lastKnownFileType = file.storyboard; name = Base; path = Base.lproj/Main.storyboard; sourceTree = "<group>"; };
		BC9A229F1D43E7FE0038C7BC /* Assets.xcassets */ = {isa = PBXFileReference; lastKnownFileType = folder.assetcatalog; path = Assets.xcassets; sourceTree = "<group>"; };
		BC9A22A21D43E7FE0038C7BC /* Base */ = {isa = PBXFileReference; lastKnownFileType = file.storyboard; name = Base; path = Base.lproj/LaunchScreen.storyboard; sourceTree = "<group>"; };
		BC9A22A41D43E7FE0038C7BC /* Info.plist */ = {isa = PBXFileReference; lastKnownFileType = text.plist.xml; path = Info.plist; sourceTree = "<group>"; };
		BC9A22A91D43E7FE0038C7BC /* BetterFriendTests.xctest */ = {isa = PBXFileReference; explicitFileType = wrapper.cfbundle; includeInIndex = 0; path = BetterFriendTests.xctest; sourceTree = BUILT_PRODUCTS_DIR; };
		BC9A22AD1D43E7FE0038C7BC /* BetterFriendTests.m */ = {isa = PBXFileReference; lastKnownFileType = sourcecode.c.objc; path = BetterFriendTests.m; sourceTree = "<group>"; };
		BC9A22AF1D43E7FE0038C7BC /* Info.plist */ = {isa = PBXFileReference; lastKnownFileType = text.plist.xml; path = Info.plist; sourceTree = "<group>"; };
		BC9A22B41D43E7FE0038C7BC /* BetterFriendUITests.xctest */ = {isa = PBXFileReference; explicitFileType = wrapper.cfbundle; includeInIndex = 0; path = BetterFriendUITests.xctest; sourceTree = BUILT_PRODUCTS_DIR; };
		BC9A22B81D43E7FE0038C7BC /* BetterFriendUITests.m */ = {isa = PBXFileReference; lastKnownFileType = sourcecode.c.objc; path = BetterFriendUITests.m; sourceTree = "<group>"; };
		BC9A22BA1D43E7FE0038C7BC /* Info.plist */ = {isa = PBXFileReference; lastKnownFileType = text.plist.xml; path = Info.plist; sourceTree = "<group>"; };
		BC9A22C61D43EC630038C7BC /* FBSDKCoreKit.framework */ = {isa = PBXFileReference; lastKnownFileType = wrapper.framework; path = FBSDKCoreKit.framework; sourceTree = "<group>"; };
		BC9A22C71D43EC630038C7BC /* FBSDKLoginKit.framework */ = {isa = PBXFileReference; lastKnownFileType = wrapper.framework; path = FBSDKLoginKit.framework; sourceTree = "<group>"; };
		BC9A22C81D43EC630038C7BC /* FBSDKShareKit.framework */ = {isa = PBXFileReference; lastKnownFileType = wrapper.framework; path = FBSDKShareKit.framework; sourceTree = "<group>"; };
		BC9A22CD1D43ED7C0038C7BC /* Bolts.framework */ = {isa = PBXFileReference; lastKnownFileType = wrapper.framework; path = Bolts.framework; sourceTree = "<group>"; };
		BC9A22CF1D43F6BA0038C7BC /* Contacts.framework */ = {isa = PBXFileReference; lastKnownFileType = wrapper.framework; name = Contacts.framework; path = System/Library/Frameworks/Contacts.framework; sourceTree = SDKROOT; };
		BC9A22D01D43F6BA0038C7BC /* ContactsUI.framework */ = {isa = PBXFileReference; lastKnownFileType = wrapper.framework; name = ContactsUI.framework; path = System/Library/Frameworks/ContactsUI.framework; sourceTree = SDKROOT; };
		BC9A22D31D4409250038C7BC /* locations.json */ = {isa = PBXFileReference; fileEncoding = 4; lastKnownFileType = text.json; path = locations.json; sourceTree = SOURCE_ROOT; };
		BC9A22D81D440BC60038C7BC /* ManageTableViewController.h */ = {isa = PBXFileReference; fileEncoding = 4; lastKnownFileType = sourcecode.c.h; path = ManageTableViewController.h; sourceTree = "<group>"; };
		BC9A22D91D440BC60038C7BC /* ManageTableViewController.m */ = {isa = PBXFileReference; fileEncoding = 4; lastKnownFileType = sourcecode.c.objc; path = ManageTableViewController.m; sourceTree = "<group>"; };
		BC9A22DB1D446D1B0038C7BC /* LocationsTableViewController.h */ = {isa = PBXFileReference; fileEncoding = 4; lastKnownFileType = sourcecode.c.h; path = LocationsTableViewController.h; sourceTree = "<group>"; };
		BC9A22DC1D446D1B0038C7BC /* LocationsTableViewController.m */ = {isa = PBXFileReference; fileEncoding = 4; lastKnownFileType = sourcecode.c.objc; path = LocationsTableViewController.m; sourceTree = "<group>"; };
		BC9A22E21D44A7030038C7BC /* BetterFriend.xcdatamodel */ = {isa = PBXFileReference; lastKnownFileType = wrapper.xcdatamodel; path = BetterFriend.xcdatamodel; sourceTree = "<group>"; };
		BC9A236B1D44AC9D0038C7BC /* CoreData.framework */ = {isa = PBXFileReference; lastKnownFileType = wrapper.framework; name = CoreData.framework; path = System/Library/Frameworks/CoreData.framework; sourceTree = SDKROOT; };
		BC9A236D1D44AD9E0038C7BC /* Location+CoreDataProperties.h */ = {isa = PBXFileReference; fileEncoding = 4; lastKnownFileType = sourcecode.c.h; name = "Location+CoreDataProperties.h"; path = "../Location+CoreDataProperties.h"; sourceTree = "<group>"; };
		BC9A236E1D44AD9E0038C7BC /* Location+CoreDataProperties.m */ = {isa = PBXFileReference; fileEncoding = 4; lastKnownFileType = sourcecode.c.objc; name = "Location+CoreDataProperties.m"; path = "../Location+CoreDataProperties.m"; sourceTree = "<group>"; };
		BC9A236F1D44AD9E0038C7BC /* Location.h */ = {isa = PBXFileReference; fileEncoding = 4; lastKnownFileType = sourcecode.c.h; name = Location.h; path = ../Location.h; sourceTree = "<group>"; };
		BC9A23701D44AD9E0038C7BC /* Location.m */ = {isa = PBXFileReference; fileEncoding = 4; lastKnownFileType = sourcecode.c.objc; name = Location.m; path = ../Location.m; sourceTree = "<group>"; };
		BC9A23711D44AD9E0038C7BC /* Dislike+CoreDataProperties.h */ = {isa = PBXFileReference; fileEncoding = 4; lastKnownFileType = sourcecode.c.h; name = "Dislike+CoreDataProperties.h"; path = "../Dislike+CoreDataProperties.h"; sourceTree = "<group>"; };
		BC9A23721D44AD9E0038C7BC /* Dislike+CoreDataProperties.m */ = {isa = PBXFileReference; fileEncoding = 4; lastKnownFileType = sourcecode.c.objc; name = "Dislike+CoreDataProperties.m"; path = "../Dislike+CoreDataProperties.m"; sourceTree = "<group>"; };
		BC9A23731D44AD9E0038C7BC /* Dislike.h */ = {isa = PBXFileReference; fileEncoding = 4; lastKnownFileType = sourcecode.c.h; name = Dislike.h; path = ../Dislike.h; sourceTree = "<group>"; };
		BC9A23741D44AD9E0038C7BC /* Dislike.m */ = {isa = PBXFileReference; fileEncoding = 4; lastKnownFileType = sourcecode.c.objc; name = Dislike.m; path = ../Dislike.m; sourceTree = "<group>"; };
		BC9A23751D44AD9E0038C7BC /* Friend+CoreDataProperties.h */ = {isa = PBXFileReference; fileEncoding = 4; lastKnownFileType = sourcecode.c.h; name = "Friend+CoreDataProperties.h"; path = "../Friend+CoreDataProperties.h"; sourceTree = "<group>"; };
		BC9A23761D44AD9E0038C7BC /* Friend+CoreDataProperties.m */ = {isa = PBXFileReference; fileEncoding = 4; lastKnownFileType = sourcecode.c.objc; name = "Friend+CoreDataProperties.m"; path = "../Friend+CoreDataProperties.m"; sourceTree = "<group>"; };
		BC9A23771D44AD9E0038C7BC /* Friend.h */ = {isa = PBXFileReference; fileEncoding = 4; lastKnownFileType = sourcecode.c.h; name = Friend.h; path = ../Friend.h; sourceTree = "<group>"; };
		BC9A23781D44AD9E0038C7BC /* Friend.m */ = {isa = PBXFileReference; fileEncoding = 4; lastKnownFileType = sourcecode.c.objc; name = Friend.m; path = ../Friend.m; sourceTree = "<group>"; };
		BC9A23791D44AD9E0038C7BC /* Like+CoreDataProperties.h */ = {isa = PBXFileReference; fileEncoding = 4; lastKnownFileType = sourcecode.c.h; name = "Like+CoreDataProperties.h"; path = "../Like+CoreDataProperties.h"; sourceTree = "<group>"; };
		BC9A237A1D44AD9E0038C7BC /* Like+CoreDataProperties.m */ = {isa = PBXFileReference; fileEncoding = 4; lastKnownFileType = sourcecode.c.objc; name = "Like+CoreDataProperties.m"; path = "../Like+CoreDataProperties.m"; sourceTree = "<group>"; };
		BC9A237B1D44AD9E0038C7BC /* Like.h */ = {isa = PBXFileReference; fileEncoding = 4; lastKnownFileType = sourcecode.c.h; name = Like.h; path = ../Like.h; sourceTree = "<group>"; };
		BC9A237C1D44AD9E0038C7BC /* Like.m */ = {isa = PBXFileReference; fileEncoding = 4; lastKnownFileType = sourcecode.c.objc; name = Like.m; path = ../Like.m; sourceTree = "<group>"; };
		BC9A23811D44AD9F0038C7BC /* Correspondence+CoreDataProperties.h */ = {isa = PBXFileReference; fileEncoding = 4; lastKnownFileType = sourcecode.c.h; name = "Correspondence+CoreDataProperties.h"; path = "../Correspondence+CoreDataProperties.h"; sourceTree = "<group>"; };
		BC9A23821D44AD9F0038C7BC /* Correspondence+CoreDataProperties.m */ = {isa = PBXFileReference; fileEncoding = 4; lastKnownFileType = sourcecode.c.objc; name = "Correspondence+CoreDataProperties.m"; path = "../Correspondence+CoreDataProperties.m"; sourceTree = "<group>"; };
		BC9A23831D44AD9F0038C7BC /* Correspondence.h */ = {isa = PBXFileReference; fileEncoding = 4; lastKnownFileType = sourcecode.c.h; name = Correspondence.h; path = ../Correspondence.h; sourceTree = "<group>"; };
		BC9A23841D44AD9F0038C7BC /* Correspondence.m */ = {isa = PBXFileReference; fileEncoding = 4; lastKnownFileType = sourcecode.c.objc; name = Correspondence.m; path = ../Correspondence.m; sourceTree = "<group>"; };
		BC9A239E1D44C0A30038C7BC /* FriendSetupViewController.h */ = {isa = PBXFileReference; fileEncoding = 4; lastKnownFileType = sourcecode.c.h; path = FriendSetupViewController.h; sourceTree = "<group>"; };
		BC9A239F1D44C0A30038C7BC /* FriendSetupViewController.m */ = {isa = PBXFileReference; fileEncoding = 4; lastKnownFileType = sourcecode.c.objc; path = FriendSetupViewController.m; sourceTree = "<group>"; };
		BC9A23B51D450DFB0038C7BC /* Sample Email.txt */ = {isa = PBXFileReference; fileEncoding = 4; lastKnownFileType = text; path = "Sample Email.txt"; sourceTree = SOURCE_ROOT; };
		BC9A23B61D450DFB0038C7BC /* Sample Text Message.txt */ = {isa = PBXFileReference; fileEncoding = 4; lastKnownFileType = text; path = "Sample Text Message.txt"; sourceTree = SOURCE_ROOT; };
		D9A3B1501D43EB55002E6E09 /* GoogleService-Info.plist */ = {isa = PBXFileReference; fileEncoding = 4; lastKnownFileType = text.plist.xml; path = "GoogleService-Info.plist"; sourceTree = "<group>"; };
		D9A3B15E1D43ED8C002E6E09 /* GoogleMobileAds.framework */ = {isa = PBXFileReference; lastKnownFileType = wrapper.framework; path = GoogleMobileAds.framework; sourceTree = "<group>"; };
		D9A3B1601D43ED8C002E6E09 /* FirebaseAnalytics.framework */ = {isa = PBXFileReference; lastKnownFileType = wrapper.framework; path = FirebaseAnalytics.framework; sourceTree = "<group>"; };
		D9A3B1611D43ED8C002E6E09 /* FirebaseInstanceID.framework */ = {isa = PBXFileReference; lastKnownFileType = wrapper.framework; path = FirebaseInstanceID.framework; sourceTree = "<group>"; };
		D9A3B1621D43ED8C002E6E09 /* GoogleInterchangeUtilities.framework */ = {isa = PBXFileReference; lastKnownFileType = wrapper.framework; path = GoogleInterchangeUtilities.framework; sourceTree = "<group>"; };
		D9A3B1631D43ED8C002E6E09 /* GoogleSymbolUtilities.framework */ = {isa = PBXFileReference; lastKnownFileType = wrapper.framework; path = GoogleSymbolUtilities.framework; sourceTree = "<group>"; };
		D9A3B1641D43ED8C002E6E09 /* GoogleUtilities.framework */ = {isa = PBXFileReference; lastKnownFileType = wrapper.framework; path = GoogleUtilities.framework; sourceTree = "<group>"; };
		D9A3B1661D43ED8C002E6E09 /* FirebaseAppIndexing.framework */ = {isa = PBXFileReference; lastKnownFileType = wrapper.framework; path = FirebaseAppIndexing.framework; sourceTree = "<group>"; };
		D9A3B1681D43ED8C002E6E09 /* FirebaseAuth.framework */ = {isa = PBXFileReference; lastKnownFileType = wrapper.framework; path = FirebaseAuth.framework; sourceTree = "<group>"; };
		D9A3B1691D43ED8C002E6E09 /* GoogleNetworkingUtilities.framework */ = {isa = PBXFileReference; lastKnownFileType = wrapper.framework; path = GoogleNetworkingUtilities.framework; sourceTree = "<group>"; };
		D9A3B16A1D43ED8C002E6E09 /* GoogleParsingUtilities.framework */ = {isa = PBXFileReference; lastKnownFileType = wrapper.framework; path = GoogleParsingUtilities.framework; sourceTree = "<group>"; };
		D9A3B16C1D43ED8C002E6E09 /* batch-upload */ = {isa = PBXFileReference; fileEncoding = 4; lastKnownFileType = text.script.sh; path = "batch-upload"; sourceTree = "<group>"; };
		D9A3B16D1D43ED8C002E6E09 /* dump_syms */ = {isa = PBXFileReference; lastKnownFileType = "compiled.mach-o.executable"; path = dump_syms; sourceTree = "<group>"; };
		D9A3B16E1D43ED8C002E6E09 /* FirebaseCrash.framework */ = {isa = PBXFileReference; lastKnownFileType = wrapper.framework; path = FirebaseCrash.framework; sourceTree = "<group>"; };
		D9A3B16F1D43ED8C002E6E09 /* upload-sym */ = {isa = PBXFileReference; fileEncoding = 4; lastKnownFileType = text.script.sh; path = "upload-sym"; sourceTree = "<group>"; };
		D9A3B1701D43ED8C002E6E09 /* upload-sym-util.bash */ = {isa = PBXFileReference; fileEncoding = 4; lastKnownFileType = text; path = "upload-sym-util.bash"; sourceTree = "<group>"; };
		D9A3B1711D43ED8C002E6E09 /* upload-sym.sh */ = {isa = PBXFileReference; fileEncoding = 4; lastKnownFileType = text.script.sh; path = "upload-sym.sh"; sourceTree = "<group>"; };
		D9A3B1731D43ED8C002E6E09 /* FirebaseDatabase.framework */ = {isa = PBXFileReference; lastKnownFileType = wrapper.framework; path = FirebaseDatabase.framework; sourceTree = "<group>"; };
		D9A3B1751D43ED8C002E6E09 /* FirebaseDynamicLinks.framework */ = {isa = PBXFileReference; lastKnownFileType = wrapper.framework; path = FirebaseDynamicLinks.framework; sourceTree = "<group>"; };
		D9A3B1761D43ED8C002E6E09 /* Firebase.h */ = {isa = PBXFileReference; fileEncoding = 4; lastKnownFileType = sourcecode.c.h; path = Firebase.h; sourceTree = "<group>"; };
		D9A3B1781D43ED8C002E6E09 /* FirebaseDynamicLinks.framework */ = {isa = PBXFileReference; lastKnownFileType = wrapper.framework; path = FirebaseDynamicLinks.framework; sourceTree = "<group>"; };
		D9A3B1791D43ED8C002E6E09 /* FirebaseInvites.framework */ = {isa = PBXFileReference; lastKnownFileType = wrapper.framework; path = FirebaseInvites.framework; sourceTree = "<group>"; };
		D9A3B17A1D43ED8C002E6E09 /* GoogleAppUtilities.framework */ = {isa = PBXFileReference; lastKnownFileType = wrapper.framework; path = GoogleAppUtilities.framework; sourceTree = "<group>"; };
		D9A3B17B1D43ED8C002E6E09 /* GoogleAuthUtilities.framework */ = {isa = PBXFileReference; lastKnownFileType = wrapper.framework; path = GoogleAuthUtilities.framework; sourceTree = "<group>"; };
		D9A3B17C1D43ED8C002E6E09 /* GoogleNetworkingUtilities.framework */ = {isa = PBXFileReference; lastKnownFileType = wrapper.framework; path = GoogleNetworkingUtilities.framework; sourceTree = "<group>"; };
		D9A3B17D1D43ED8C002E6E09 /* GoogleParsingUtilities.framework */ = {isa = PBXFileReference; lastKnownFileType = wrapper.framework; path = GoogleParsingUtilities.framework; sourceTree = "<group>"; };
		D9A3B17E1D43ED8C002E6E09 /* GooglePlusUtilities.framework */ = {isa = PBXFileReference; lastKnownFileType = wrapper.framework; path = GooglePlusUtilities.framework; sourceTree = "<group>"; };
		D9A3B17F1D43ED8C002E6E09 /* GoogleSignIn.framework */ = {isa = PBXFileReference; lastKnownFileType = wrapper.framework; path = GoogleSignIn.framework; sourceTree = "<group>"; };
		D9A3B1811D43ED8C002E6E09 /* GINInviteResources.bundle */ = {isa = PBXFileReference; lastKnownFileType = "wrapper.plug-in"; path = GINInviteResources.bundle; sourceTree = "<group>"; };
		D9A3B1821D43ED8C002E6E09 /* GPPACLPickerResources.bundle */ = {isa = PBXFileReference; lastKnownFileType = "wrapper.plug-in"; path = GPPACLPickerResources.bundle; sourceTree = "<group>"; };
		D9A3B1831D43ED8C002E6E09 /* GTMOAuth2ViewTouch.xib */ = {isa = PBXFileReference; fileEncoding = 4; lastKnownFileType = file.xib; path = GTMOAuth2ViewTouch.xib; sourceTree = "<group>"; };
		D9A3B1851D43ED8C002E6E09 /* FirebaseMessaging.framework */ = {isa = PBXFileReference; lastKnownFileType = wrapper.framework; path = FirebaseMessaging.framework; sourceTree = "<group>"; };
		D9A3B1861D43ED8C002E6E09 /* GoogleIPhoneUtilities.framework */ = {isa = PBXFileReference; lastKnownFileType = wrapper.framework; path = GoogleIPhoneUtilities.framework; sourceTree = "<group>"; };
		D9A3B1871D43ED8C002E6E09 /* module.modulemap */ = {isa = PBXFileReference; fileEncoding = 4; lastKnownFileType = "sourcecode.module-map"; path = module.modulemap; sourceTree = "<group>"; };
		D9A3B1881D43ED8C002E6E09 /* NOTICES */ = {isa = PBXFileReference; fileEncoding = 4; lastKnownFileType = text; path = NOTICES; sourceTree = "<group>"; };
		D9A3B1891D43ED8C002E6E09 /* README.md */ = {isa = PBXFileReference; fileEncoding = 4; lastKnownFileType = net.daringfireball.markdown; path = README.md; sourceTree = "<group>"; };
		D9A3B18B1D43ED8C002E6E09 /* FirebaseRemoteConfig.framework */ = {isa = PBXFileReference; lastKnownFileType = wrapper.framework; path = FirebaseRemoteConfig.framework; sourceTree = "<group>"; };
		D9A3B18C1D43ED8C002E6E09 /* GoogleIPhoneUtilities.framework */ = {isa = PBXFileReference; lastKnownFileType = wrapper.framework; path = GoogleIPhoneUtilities.framework; sourceTree = "<group>"; };
		D9A3B18E1D43ED8C002E6E09 /* FirebaseStorage.framework */ = {isa = PBXFileReference; lastKnownFileType = wrapper.framework; path = FirebaseStorage.framework; sourceTree = "<group>"; };
		D9A3B18F1D43ED8C002E6E09 /* GoogleNetworkingUtilities.framework */ = {isa = PBXFileReference; lastKnownFileType = wrapper.framework; path = GoogleNetworkingUtilities.framework; sourceTree = "<group>"; };
		D9A3B1B81D441EE8002E6E09 /* FriendManager.h */ = {isa = PBXFileReference; fileEncoding = 4; lastKnownFileType = sourcecode.c.h; path = FriendManager.h; sourceTree = "<group>"; };
		D9A3B1B91D441EE8002E6E09 /* FriendManager.m */ = {isa = PBXFileReference; fileEncoding = 4; lastKnownFileType = sourcecode.c.objc; path = FriendManager.m; sourceTree = "<group>"; };
/* End PBXFileReference section */

/* Begin PBXFrameworksBuildPhase section */
		BC9A228A1D43E7FE0038C7BC /* Frameworks */ = {
			isa = PBXFrameworksBuildPhase;
			buildActionMask = 2147483647;
			files = (
				BC9A236C1D44AC9D0038C7BC /* CoreData.framework in Frameworks */,
				BC9A22D11D43F6BA0038C7BC /* Contacts.framework in Frameworks */,
				BC9A22D21D43F6BA0038C7BC /* ContactsUI.framework in Frameworks */,
				D9A3B1A01D43ED8C002E6E09 /* FirebaseDatabase.framework in Frameworks */,
				D9A3B1AE1D43ED8C002E6E09 /* GoogleIPhoneUtilities.framework in Frameworks */,
				D9A3B1951D43ED8C002E6E09 /* GoogleUtilities.framework in Frameworks */,
				D9A3B1A51D43ED8C002E6E09 /* GoogleAuthUtilities.framework in Frameworks */,
				D9A3B1A41D43ED8C002E6E09 /* GoogleAppUtilities.framework in Frameworks */,
				D9A3B1981D43ED8C002E6E09 /* GoogleNetworkingUtilities.framework in Frameworks */,
				D9A3B1961D43ED8C002E6E09 /* FirebaseAppIndexing.framework in Frameworks */,
				D9A3B1911D43ED8C002E6E09 /* FirebaseAnalytics.framework in Frameworks */,
				D9A3B1A91D43ED8C002E6E09 /* GoogleSignIn.framework in Frameworks */,
				D9A3B1931D43ED8C002E6E09 /* GoogleInterchangeUtilities.framework in Frameworks */,
				D9A3B1B41D43ED8C002E6E09 /* GoogleNetworkingUtilities.framework in Frameworks */,
				D9A3B1941D43ED8C002E6E09 /* GoogleSymbolUtilities.framework in Frameworks */,
				D9A3B1B21D43ED8C002E6E09 /* GoogleIPhoneUtilities.framework in Frameworks */,
				D9A3B1AD1D43ED8C002E6E09 /* FirebaseMessaging.framework in Frameworks */,
				D9A3B1A11D43ED8C002E6E09 /* FirebaseDynamicLinks.framework in Frameworks */,
				D9A3B1A71D43ED8C002E6E09 /* GoogleParsingUtilities.framework in Frameworks */,
				D9A3B1A61D43ED8C002E6E09 /* GoogleNetworkingUtilities.framework in Frameworks */,
				D9A3B1971D43ED8C002E6E09 /* FirebaseAuth.framework in Frameworks */,
				D9A3B1A21D43ED8C002E6E09 /* FirebaseDynamicLinks.framework in Frameworks */,
				D9A3B1921D43ED8C002E6E09 /* FirebaseInstanceID.framework in Frameworks */,
				D9A3B1991D43ED8C002E6E09 /* GoogleParsingUtilities.framework in Frameworks */,
				D9A3B1A31D43ED8C002E6E09 /* FirebaseInvites.framework in Frameworks */,
				D9A3B19C1D43ED8C002E6E09 /* FirebaseCrash.framework in Frameworks */,
				D9A3B1B11D43ED8C002E6E09 /* FirebaseRemoteConfig.framework in Frameworks */,
				D9A3B1A81D43ED8C002E6E09 /* GooglePlusUtilities.framework in Frameworks */,
				D9A3B1901D43ED8C002E6E09 /* GoogleMobileAds.framework in Frameworks */,
				D9A3B1B31D43ED8C002E6E09 /* FirebaseStorage.framework in Frameworks */,
				BC9A22CA1D43EC630038C7BC /* FBSDKLoginKit.framework in Frameworks */,
				BC9A22C91D43EC630038C7BC /* FBSDKCoreKit.framework in Frameworks */,
				BC9A22CB1D43EC630038C7BC /* FBSDKShareKit.framework in Frameworks */,
				BC9A22CE1D43ED7C0038C7BC /* Bolts.framework in Frameworks */,
			);
			runOnlyForDeploymentPostprocessing = 0;
		};
		BC9A22A61D43E7FE0038C7BC /* Frameworks */ = {
			isa = PBXFrameworksBuildPhase;
			buildActionMask = 2147483647;
			files = (
			);
			runOnlyForDeploymentPostprocessing = 0;
		};
		BC9A22B11D43E7FE0038C7BC /* Frameworks */ = {
			isa = PBXFrameworksBuildPhase;
			buildActionMask = 2147483647;
			files = (
			);
			runOnlyForDeploymentPostprocessing = 0;
		};
/* End PBXFrameworksBuildPhase section */

/* Begin PBXGroup section */
		BC9A22841D43E7FE0038C7BC = {
			isa = PBXGroup;
			children = (
				BC9A22CC1D43EC6A0038C7BC /* Frameworks */,
				BC9A228F1D43E7FE0038C7BC /* BetterFriend */,
				BC9A22AC1D43E7FE0038C7BC /* BetterFriendTests */,
				BC9A22B71D43E7FE0038C7BC /* BetterFriendUITests */,
				BC9A228E1D43E7FE0038C7BC /* Products */,
				D9A3B15C1D43ED8C002E6E09 /* Firebase */,
			);
			sourceTree = "<group>";
		};
		BC9A228E1D43E7FE0038C7BC /* Products */ = {
			isa = PBXGroup;
			children = (
				BC9A228D1D43E7FE0038C7BC /* BetterFriend.app */,
				BC9A22A91D43E7FE0038C7BC /* BetterFriendTests.xctest */,
				BC9A22B41D43E7FE0038C7BC /* BetterFriendUITests.xctest */,
			);
			name = Products;
			sourceTree = "<group>";
		};
		BC9A228F1D43E7FE0038C7BC /* BetterFriend */ = {
			isa = PBXGroup;
			children = (
				BC9A239D1D44ADEF0038C7BC /* Model */,
				BC9A22931D43E7FE0038C7BC /* AppDelegate.h */,
				BC9A22941D43E7FE0038C7BC /* AppDelegate.m */,
				BC9A22961D43E7FE0038C7BC /* MasterViewController.h */,
				BC9A22971D43E7FE0038C7BC /* MasterViewController.m */,
				BC9A22991D43E7FE0038C7BC /* DetailViewController.h */,
				BC9A229A1D43E7FE0038C7BC /* DetailViewController.m */,
				BC9A229C1D43E7FE0038C7BC /* Main.storyboard */,
				BC9A229F1D43E7FE0038C7BC /* Assets.xcassets */,
				BC9A22A11D43E7FE0038C7BC /* LaunchScreen.storyboard */,
				BC9A22A41D43E7FE0038C7BC /* Info.plist */,
				D9A3B1501D43EB55002E6E09 /* GoogleService-Info.plist */,
				BC9A22D31D4409250038C7BC /* locations.json */,
				BC9A23B51D450DFB0038C7BC /* Sample Email.txt */,
				BC9A23B61D450DFB0038C7BC /* Sample Text Message.txt */,
				BC9A22901D43E7FE0038C7BC /* Supporting Files */,
				BC9A22D81D440BC60038C7BC /* ManageTableViewController.h */,
				BC9A22D91D440BC60038C7BC /* ManageTableViewController.m */,
				D9A3B1B81D441EE8002E6E09 /* FriendManager.h */,
				D9A3B1B91D441EE8002E6E09 /* FriendManager.m */,
				BC9A22DB1D446D1B0038C7BC /* LocationsTableViewController.h */,
				BC9A22DC1D446D1B0038C7BC /* LocationsTableViewController.m */,
				BC9A22E11D44A7030038C7BC /* BetterFriend.xcdatamodeld */,
				BC9A239E1D44C0A30038C7BC /* FriendSetupViewController.h */,
				BC9A239F1D44C0A30038C7BC /* FriendSetupViewController.m */,
			);
			path = BetterFriend;
			sourceTree = "<group>";
		};
		BC9A22901D43E7FE0038C7BC /* Supporting Files */ = {
			isa = PBXGroup;
			children = (
				BC9A22911D43E7FE0038C7BC /* main.m */,
			);
			name = "Supporting Files";
			sourceTree = "<group>";
		};
		BC9A22AC1D43E7FE0038C7BC /* BetterFriendTests */ = {
			isa = PBXGroup;
			children = (
				BC9A22AD1D43E7FE0038C7BC /* BetterFriendTests.m */,
				BC9A22AF1D43E7FE0038C7BC /* Info.plist */,
			);
			path = BetterFriendTests;
			sourceTree = "<group>";
		};
		BC9A22B71D43E7FE0038C7BC /* BetterFriendUITests */ = {
			isa = PBXGroup;
			children = (
				BC9A22B81D43E7FE0038C7BC /* BetterFriendUITests.m */,
				BC9A22BA1D43E7FE0038C7BC /* Info.plist */,
			);
			path = BetterFriendUITests;
			sourceTree = "<group>";
		};
		BC9A22CC1D43EC6A0038C7BC /* Frameworks */ = {
			isa = PBXGroup;
			children = (
				BC9A236B1D44AC9D0038C7BC /* CoreData.framework */,
				BC9A22CF1D43F6BA0038C7BC /* Contacts.framework */,
				BC9A22D01D43F6BA0038C7BC /* ContactsUI.framework */,
				BC9A22CD1D43ED7C0038C7BC /* Bolts.framework */,
				BC9A22C61D43EC630038C7BC /* FBSDKCoreKit.framework */,
				BC9A22C71D43EC630038C7BC /* FBSDKLoginKit.framework */,
				BC9A22C81D43EC630038C7BC /* FBSDKShareKit.framework */,
			);
			name = Frameworks;
			sourceTree = "<group>";
		};
		BC9A239D1D44ADEF0038C7BC /* Model */ = {
			isa = PBXGroup;
			children = (
				BC9A236D1D44AD9E0038C7BC /* Location+CoreDataProperties.h */,
				BC9A236E1D44AD9E0038C7BC /* Location+CoreDataProperties.m */,
				BC9A236F1D44AD9E0038C7BC /* Location.h */,
				BC9A23701D44AD9E0038C7BC /* Location.m */,
				BC9A23711D44AD9E0038C7BC /* Dislike+CoreDataProperties.h */,
				BC9A23721D44AD9E0038C7BC /* Dislike+CoreDataProperties.m */,
				BC9A23731D44AD9E0038C7BC /* Dislike.h */,
				BC9A23741D44AD9E0038C7BC /* Dislike.m */,
				BC9A23751D44AD9E0038C7BC /* Friend+CoreDataProperties.h */,
				BC9A23761D44AD9E0038C7BC /* Friend+CoreDataProperties.m */,
				BC9A23771D44AD9E0038C7BC /* Friend.h */,
				BC9A23781D44AD9E0038C7BC /* Friend.m */,
				BC9A23791D44AD9E0038C7BC /* Like+CoreDataProperties.h */,
				BC9A237A1D44AD9E0038C7BC /* Like+CoreDataProperties.m */,
				BC9A237B1D44AD9E0038C7BC /* Like.h */,
				BC9A237C1D44AD9E0038C7BC /* Like.m */,
				BC9A23811D44AD9F0038C7BC /* Correspondence+CoreDataProperties.h */,
				BC9A23821D44AD9F0038C7BC /* Correspondence+CoreDataProperties.m */,
				BC9A23831D44AD9F0038C7BC /* Correspondence.h */,
				BC9A23841D44AD9F0038C7BC /* Correspondence.m */,
			);
			name = Model;
			sourceTree = "<group>";
		};
		D9A3B15C1D43ED8C002E6E09 /* Firebase */ = {
			isa = PBXGroup;
			children = (
				D9A3B15D1D43ED8C002E6E09 /* AdMob */,
				D9A3B15F1D43ED8C002E6E09 /* Analytics */,
				D9A3B1651D43ED8C002E6E09 /* AppIndexing */,
				D9A3B1671D43ED8C002E6E09 /* Auth */,
				D9A3B16B1D43ED8C002E6E09 /* Crash */,
				D9A3B1721D43ED8C002E6E09 /* Database */,
				D9A3B1741D43ED8C002E6E09 /* DynamicLinks */,
				D9A3B1761D43ED8C002E6E09 /* Firebase.h */,
				D9A3B1771D43ED8C002E6E09 /* Invites */,
				D9A3B1841D43ED8C002E6E09 /* Messaging */,
				D9A3B1871D43ED8C002E6E09 /* module.modulemap */,
				D9A3B1881D43ED8C002E6E09 /* NOTICES */,
				D9A3B1891D43ED8C002E6E09 /* README.md */,
				D9A3B18A1D43ED8C002E6E09 /* RemoteConfig */,
				D9A3B18D1D43ED8C002E6E09 /* Storage */,
			);
			name = Firebase;
			path = BetterFriend/Firebase;
			sourceTree = "<group>";
		};
		D9A3B15D1D43ED8C002E6E09 /* AdMob */ = {
			isa = PBXGroup;
			children = (
				D9A3B15E1D43ED8C002E6E09 /* GoogleMobileAds.framework */,
			);
			path = AdMob;
			sourceTree = "<group>";
		};
		D9A3B15F1D43ED8C002E6E09 /* Analytics */ = {
			isa = PBXGroup;
			children = (
				D9A3B1601D43ED8C002E6E09 /* FirebaseAnalytics.framework */,
				D9A3B1611D43ED8C002E6E09 /* FirebaseInstanceID.framework */,
				D9A3B1621D43ED8C002E6E09 /* GoogleInterchangeUtilities.framework */,
				D9A3B1631D43ED8C002E6E09 /* GoogleSymbolUtilities.framework */,
				D9A3B1641D43ED8C002E6E09 /* GoogleUtilities.framework */,
			);
			path = Analytics;
			sourceTree = "<group>";
		};
		D9A3B1651D43ED8C002E6E09 /* AppIndexing */ = {
			isa = PBXGroup;
			children = (
				D9A3B1661D43ED8C002E6E09 /* FirebaseAppIndexing.framework */,
			);
			path = AppIndexing;
			sourceTree = "<group>";
		};
		D9A3B1671D43ED8C002E6E09 /* Auth */ = {
			isa = PBXGroup;
			children = (
				D9A3B1681D43ED8C002E6E09 /* FirebaseAuth.framework */,
				D9A3B1691D43ED8C002E6E09 /* GoogleNetworkingUtilities.framework */,
				D9A3B16A1D43ED8C002E6E09 /* GoogleParsingUtilities.framework */,
			);
			path = Auth;
			sourceTree = "<group>";
		};
		D9A3B16B1D43ED8C002E6E09 /* Crash */ = {
			isa = PBXGroup;
			children = (
				D9A3B16C1D43ED8C002E6E09 /* batch-upload */,
				D9A3B16D1D43ED8C002E6E09 /* dump_syms */,
				D9A3B16E1D43ED8C002E6E09 /* FirebaseCrash.framework */,
				D9A3B16F1D43ED8C002E6E09 /* upload-sym */,
				D9A3B1701D43ED8C002E6E09 /* upload-sym-util.bash */,
				D9A3B1711D43ED8C002E6E09 /* upload-sym.sh */,
			);
			path = Crash;
			sourceTree = "<group>";
		};
		D9A3B1721D43ED8C002E6E09 /* Database */ = {
			isa = PBXGroup;
			children = (
				D9A3B1731D43ED8C002E6E09 /* FirebaseDatabase.framework */,
			);
			path = Database;
			sourceTree = "<group>";
		};
		D9A3B1741D43ED8C002E6E09 /* DynamicLinks */ = {
			isa = PBXGroup;
			children = (
				D9A3B1751D43ED8C002E6E09 /* FirebaseDynamicLinks.framework */,
			);
			path = DynamicLinks;
			sourceTree = "<group>";
		};
		D9A3B1771D43ED8C002E6E09 /* Invites */ = {
			isa = PBXGroup;
			children = (
				D9A3B1781D43ED8C002E6E09 /* FirebaseDynamicLinks.framework */,
				D9A3B1791D43ED8C002E6E09 /* FirebaseInvites.framework */,
				D9A3B17A1D43ED8C002E6E09 /* GoogleAppUtilities.framework */,
				D9A3B17B1D43ED8C002E6E09 /* GoogleAuthUtilities.framework */,
				D9A3B17C1D43ED8C002E6E09 /* GoogleNetworkingUtilities.framework */,
				D9A3B17D1D43ED8C002E6E09 /* GoogleParsingUtilities.framework */,
				D9A3B17E1D43ED8C002E6E09 /* GooglePlusUtilities.framework */,
				D9A3B17F1D43ED8C002E6E09 /* GoogleSignIn.framework */,
				D9A3B1801D43ED8C002E6E09 /* Resources */,
			);
			path = Invites;
			sourceTree = "<group>";
		};
		D9A3B1801D43ED8C002E6E09 /* Resources */ = {
			isa = PBXGroup;
			children = (
				D9A3B1811D43ED8C002E6E09 /* GINInviteResources.bundle */,
				D9A3B1821D43ED8C002E6E09 /* GPPACLPickerResources.bundle */,
				D9A3B1831D43ED8C002E6E09 /* GTMOAuth2ViewTouch.xib */,
			);
			path = Resources;
			sourceTree = "<group>";
		};
		D9A3B1841D43ED8C002E6E09 /* Messaging */ = {
			isa = PBXGroup;
			children = (
				D9A3B1851D43ED8C002E6E09 /* FirebaseMessaging.framework */,
				D9A3B1861D43ED8C002E6E09 /* GoogleIPhoneUtilities.framework */,
			);
			path = Messaging;
			sourceTree = "<group>";
		};
		D9A3B18A1D43ED8C002E6E09 /* RemoteConfig */ = {
			isa = PBXGroup;
			children = (
				D9A3B18B1D43ED8C002E6E09 /* FirebaseRemoteConfig.framework */,
				D9A3B18C1D43ED8C002E6E09 /* GoogleIPhoneUtilities.framework */,
			);
			path = RemoteConfig;
			sourceTree = "<group>";
		};
		D9A3B18D1D43ED8C002E6E09 /* Storage */ = {
			isa = PBXGroup;
			children = (
				D9A3B18E1D43ED8C002E6E09 /* FirebaseStorage.framework */,
				D9A3B18F1D43ED8C002E6E09 /* GoogleNetworkingUtilities.framework */,
			);
			path = Storage;
			sourceTree = "<group>";
		};
/* End PBXGroup section */

/* Begin PBXNativeTarget section */
		BC9A228C1D43E7FE0038C7BC /* BetterFriend */ = {
			isa = PBXNativeTarget;
			buildConfigurationList = BC9A22BD1D43E7FE0038C7BC /* Build configuration list for PBXNativeTarget "BetterFriend" */;
			buildPhases = (
				BC9A22891D43E7FE0038C7BC /* Sources */,
				BC9A228A1D43E7FE0038C7BC /* Frameworks */,
				BC9A228B1D43E7FE0038C7BC /* Resources */,
			);
			buildRules = (
			);
			dependencies = (
			);
			name = BetterFriend;
			productName = BetterFriend;
			productReference = BC9A228D1D43E7FE0038C7BC /* BetterFriend.app */;
			productType = "com.apple.product-type.application";
		};
		BC9A22A81D43E7FE0038C7BC /* BetterFriendTests */ = {
			isa = PBXNativeTarget;
			buildConfigurationList = BC9A22C01D43E7FE0038C7BC /* Build configuration list for PBXNativeTarget "BetterFriendTests" */;
			buildPhases = (
				BC9A22A51D43E7FE0038C7BC /* Sources */,
				BC9A22A61D43E7FE0038C7BC /* Frameworks */,
				BC9A22A71D43E7FE0038C7BC /* Resources */,
			);
			buildRules = (
			);
			dependencies = (
				BC9A22AB1D43E7FE0038C7BC /* PBXTargetDependency */,
			);
			name = BetterFriendTests;
			productName = BetterFriendTests;
			productReference = BC9A22A91D43E7FE0038C7BC /* BetterFriendTests.xctest */;
			productType = "com.apple.product-type.bundle.unit-test";
		};
		BC9A22B31D43E7FE0038C7BC /* BetterFriendUITests */ = {
			isa = PBXNativeTarget;
			buildConfigurationList = BC9A22C31D43E7FE0038C7BC /* Build configuration list for PBXNativeTarget "BetterFriendUITests" */;
			buildPhases = (
				BC9A22B01D43E7FE0038C7BC /* Sources */,
				BC9A22B11D43E7FE0038C7BC /* Frameworks */,
				BC9A22B21D43E7FE0038C7BC /* Resources */,
			);
			buildRules = (
			);
			dependencies = (
				BC9A22B61D43E7FE0038C7BC /* PBXTargetDependency */,
			);
			name = BetterFriendUITests;
			productName = BetterFriendUITests;
			productReference = BC9A22B41D43E7FE0038C7BC /* BetterFriendUITests.xctest */;
			productType = "com.apple.product-type.bundle.ui-testing";
		};
/* End PBXNativeTarget section */

/* Begin PBXProject section */
		BC9A22851D43E7FE0038C7BC /* Project object */ = {
			isa = PBXProject;
			attributes = {
				LastUpgradeCheck = 0730;
				ORGANIZATIONNAME = BetterFriend;
				TargetAttributes = {
					BC9A228C1D43E7FE0038C7BC = {
						CreatedOnToolsVersion = 7.3.1;
					};
					BC9A22A81D43E7FE0038C7BC = {
						CreatedOnToolsVersion = 7.3.1;
						TestTargetID = BC9A228C1D43E7FE0038C7BC;
					};
					BC9A22B31D43E7FE0038C7BC = {
						CreatedOnToolsVersion = 7.3.1;
						TestTargetID = BC9A228C1D43E7FE0038C7BC;
					};
				};
			};
			buildConfigurationList = BC9A22881D43E7FE0038C7BC /* Build configuration list for PBXProject "BetterFriend" */;
			compatibilityVersion = "Xcode 3.2";
			developmentRegion = English;
			hasScannedForEncodings = 0;
			knownRegions = (
				en,
				Base,
			);
			mainGroup = BC9A22841D43E7FE0038C7BC;
			productRefGroup = BC9A228E1D43E7FE0038C7BC /* Products */;
			projectDirPath = "";
			projectRoot = "";
			targets = (
				BC9A228C1D43E7FE0038C7BC /* BetterFriend */,
				BC9A22A81D43E7FE0038C7BC /* BetterFriendTests */,
				BC9A22B31D43E7FE0038C7BC /* BetterFriendUITests */,
			);
		};
/* End PBXProject section */

/* Begin PBXResourcesBuildPhase section */
		BC9A228B1D43E7FE0038C7BC /* Resources */ = {
			isa = PBXResourcesBuildPhase;
			buildActionMask = 2147483647;
			files = (
				BC9A22D41D4409250038C7BC /* locations.json in Resources */,
				BC9A23BA1D450DFB0038C7BC /* Sample Text Message.txt in Resources */,
				BC9A23B71D450DFB0038C7BC /* Sample Email.txt in Resources */,
				D9A3B1AC1D43ED8C002E6E09 /* GTMOAuth2ViewTouch.xib in Resources */,
				D9A3B19D1D43ED8C002E6E09 /* upload-sym in Resources */,
				D9A3B1AA1D43ED8C002E6E09 /* GINInviteResources.bundle in Resources */,
				BC9A22A31D43E7FE0038C7BC /* LaunchScreen.storyboard in Resources */,
				D9A3B19F1D43ED8C002E6E09 /* upload-sym.sh in Resources */,
				D9A3B1511D43EB55002E6E09 /* GoogleService-Info.plist in Resources */,
				D9A3B1AB1D43ED8C002E6E09 /* GPPACLPickerResources.bundle in Resources */,
				BC9A22A01D43E7FE0038C7BC /* Assets.xcassets in Resources */,
				D9A3B19A1D43ED8C002E6E09 /* batch-upload in Resources */,
				D9A3B19B1D43ED8C002E6E09 /* dump_syms in Resources */,
				D9A3B19E1D43ED8C002E6E09 /* upload-sym-util.bash in Resources */,
				D9A3B1AF1D43ED8C002E6E09 /* NOTICES in Resources */,
				BC9A229E1D43E7FE0038C7BC /* Main.storyboard in Resources */,
			);
			runOnlyForDeploymentPostprocessing = 0;
		};
		BC9A22A71D43E7FE0038C7BC /* Resources */ = {
			isa = PBXResourcesBuildPhase;
			buildActionMask = 2147483647;
			files = (
				BC9A23B81D450DFB0038C7BC /* Sample Email.txt in Resources */,
				BC9A23BB1D450DFB0038C7BC /* Sample Text Message.txt in Resources */,
			);
			runOnlyForDeploymentPostprocessing = 0;
		};
		BC9A22B21D43E7FE0038C7BC /* Resources */ = {
			isa = PBXResourcesBuildPhase;
			buildActionMask = 2147483647;
			files = (
				BC9A23B91D450DFB0038C7BC /* Sample Email.txt in Resources */,
				BC9A23BC1D450DFB0038C7BC /* Sample Text Message.txt in Resources */,
			);
			runOnlyForDeploymentPostprocessing = 0;
		};
/* End PBXResourcesBuildPhase section */

/* Begin PBXSourcesBuildPhase section */
		BC9A22891D43E7FE0038C7BC /* Sources */ = {
			isa = PBXSourcesBuildPhase;
			buildActionMask = 2147483647;
			files = (
				BC9A23931D44AD9F0038C7BC /* Like.m in Sources */,
				BC9A22951D43E7FE0038C7BC /* AppDelegate.m in Sources */,
				BC9A238D1D44AD9F0038C7BC /* Friend+CoreDataProperties.m in Sources */,
				BC9A22981D43E7FE0038C7BC /* MasterViewController.m in Sources */,
				BC9A23851D44AD9F0038C7BC /* Location+CoreDataProperties.m in Sources */,
				BC9A23911D44AD9F0038C7BC /* Like+CoreDataProperties.m in Sources */,
				BC9A23891D44AD9F0038C7BC /* Dislike+CoreDataProperties.m in Sources */,
				BC9A22DD1D446D1B0038C7BC /* LocationsTableViewController.m in Sources */,
				BC9A238F1D44AD9F0038C7BC /* Friend.m in Sources */,
				BC9A23871D44AD9F0038C7BC /* Location.m in Sources */,
				BC9A23991D44AD9F0038C7BC /* Correspondence+CoreDataProperties.m in Sources */,
				BC9A22DA1D440BC60038C7BC /* ManageTableViewController.m in Sources */,
				BC9A22E31D44A7030038C7BC /* BetterFriend.xcdatamodeld in Sources */,
				BC9A23A01D44C0A30038C7BC /* FriendSetupViewController.m in Sources */,
				BC9A239B1D44AD9F0038C7BC /* Correspondence.m in Sources */,
				BC9A238B1D44AD9F0038C7BC /* Dislike.m in Sources */,
				D9A3B1B01D43ED8C002E6E09 /* README.md in Sources */,
				D9A3B1BA1D441EE8002E6E09 /* FriendManager.m in Sources */,
				BC9A22921D43E7FE0038C7BC /* main.m in Sources */,
				BC9A229B1D43E7FE0038C7BC /* DetailViewController.m in Sources */,
			);
			runOnlyForDeploymentPostprocessing = 0;
		};
		BC9A22A51D43E7FE0038C7BC /* Sources */ = {
			isa = PBXSourcesBuildPhase;
			buildActionMask = 2147483647;
			files = (
				BC9A238C1D44AD9F0038C7BC /* Dislike.m in Sources */,
				BC9A23901D44AD9F0038C7BC /* Friend.m in Sources */,
				BC9A23861D44AD9F0038C7BC /* Location+CoreDataProperties.m in Sources */,
				BC9A239C1D44AD9F0038C7BC /* Correspondence.m in Sources */,
				BC9A23881D44AD9F0038C7BC /* Location.m in Sources */,
				BC9A23921D44AD9F0038C7BC /* Like+CoreDataProperties.m in Sources */,
				BC9A22AE1D43E7FE0038C7BC /* BetterFriendTests.m in Sources */,
				BC9A238A1D44AD9F0038C7BC /* Dislike+CoreDataProperties.m in Sources */,
				BC9A23A11D44C0A30038C7BC /* FriendSetupViewController.m in Sources */,
				BC9A23941D44AD9F0038C7BC /* Like.m in Sources */,
				BC9A238E1D44AD9F0038C7BC /* Friend+CoreDataProperties.m in Sources */,
				BC9A239A1D44AD9F0038C7BC /* Correspondence+CoreDataProperties.m in Sources */,
			);
			runOnlyForDeploymentPostprocessing = 0;
		};
		BC9A22B01D43E7FE0038C7BC /* Sources */ = {
			isa = PBXSourcesBuildPhase;
			buildActionMask = 2147483647;
			files = (
				BC9A23A21D44C0A30038C7BC /* FriendSetupViewController.m in Sources */,
				BC9A22B91D43E7FE0038C7BC /* BetterFriendUITests.m in Sources */,
			);
			runOnlyForDeploymentPostprocessing = 0;
		};
/* End PBXSourcesBuildPhase section */

/* Begin PBXTargetDependency section */
		BC9A22AB1D43E7FE0038C7BC /* PBXTargetDependency */ = {
			isa = PBXTargetDependency;
			target = BC9A228C1D43E7FE0038C7BC /* BetterFriend */;
			targetProxy = BC9A22AA1D43E7FE0038C7BC /* PBXContainerItemProxy */;
		};
		BC9A22B61D43E7FE0038C7BC /* PBXTargetDependency */ = {
			isa = PBXTargetDependency;
			target = BC9A228C1D43E7FE0038C7BC /* BetterFriend */;
			targetProxy = BC9A22B51D43E7FE0038C7BC /* PBXContainerItemProxy */;
		};
/* End PBXTargetDependency section */

/* Begin PBXVariantGroup section */
		BC9A229C1D43E7FE0038C7BC /* Main.storyboard */ = {
			isa = PBXVariantGroup;
			children = (
				BC9A229D1D43E7FE0038C7BC /* Base */,
			);
			name = Main.storyboard;
			sourceTree = "<group>";
		};
		BC9A22A11D43E7FE0038C7BC /* LaunchScreen.storyboard */ = {
			isa = PBXVariantGroup;
			children = (
				BC9A22A21D43E7FE0038C7BC /* Base */,
			);
			name = LaunchScreen.storyboard;
			sourceTree = "<group>";
		};
/* End PBXVariantGroup section */

/* Begin XCBuildConfiguration section */
		BC9A22BB1D43E7FE0038C7BC /* Debug */ = {
			isa = XCBuildConfiguration;
			buildSettings = {
				ALWAYS_SEARCH_USER_PATHS = NO;
				CLANG_ANALYZER_NONNULL = YES;
				CLANG_CXX_LANGUAGE_STANDARD = "gnu++0x";
				CLANG_CXX_LIBRARY = "libc++";
				CLANG_ENABLE_MODULES = YES;
				CLANG_ENABLE_OBJC_ARC = YES;
				CLANG_WARN_BOOL_CONVERSION = YES;
				CLANG_WARN_CONSTANT_CONVERSION = YES;
				CLANG_WARN_DIRECT_OBJC_ISA_USAGE = YES_ERROR;
				CLANG_WARN_EMPTY_BODY = YES;
				CLANG_WARN_ENUM_CONVERSION = YES;
				CLANG_WARN_INT_CONVERSION = YES;
				CLANG_WARN_OBJC_ROOT_CLASS = YES_ERROR;
				CLANG_WARN_UNREACHABLE_CODE = YES;
				CLANG_WARN__DUPLICATE_METHOD_MATCH = YES;
				"CODE_SIGN_IDENTITY[sdk=iphoneos*]" = "iPhone Developer";
				COPY_PHASE_STRIP = NO;
				DEBUG_INFORMATION_FORMAT = dwarf;
				ENABLE_STRICT_OBJC_MSGSEND = YES;
				ENABLE_TESTABILITY = YES;
				GCC_C_LANGUAGE_STANDARD = gnu99;
				GCC_DYNAMIC_NO_PIC = NO;
				GCC_NO_COMMON_BLOCKS = YES;
				GCC_OPTIMIZATION_LEVEL = 0;
				GCC_PREPROCESSOR_DEFINITIONS = (
					"DEBUG=1",
					"$(inherited)",
				);
				GCC_WARN_64_TO_32_BIT_CONVERSION = YES;
				GCC_WARN_ABOUT_RETURN_TYPE = YES_ERROR;
				GCC_WARN_UNDECLARED_SELECTOR = YES;
				GCC_WARN_UNINITIALIZED_AUTOS = YES_AGGRESSIVE;
				GCC_WARN_UNUSED_FUNCTION = YES;
				GCC_WARN_UNUSED_VARIABLE = YES;
				IPHONEOS_DEPLOYMENT_TARGET = 9.3;
				MTL_ENABLE_DEBUG_INFO = YES;
				ONLY_ACTIVE_ARCH = YES;
				SDKROOT = iphoneos;
				TARGETED_DEVICE_FAMILY = "1,2";
			};
			name = Debug;
		};
		BC9A22BC1D43E7FE0038C7BC /* Release */ = {
			isa = XCBuildConfiguration;
			buildSettings = {
				ALWAYS_SEARCH_USER_PATHS = NO;
				CLANG_ANALYZER_NONNULL = YES;
				CLANG_CXX_LANGUAGE_STANDARD = "gnu++0x";
				CLANG_CXX_LIBRARY = "libc++";
				CLANG_ENABLE_MODULES = YES;
				CLANG_ENABLE_OBJC_ARC = YES;
				CLANG_WARN_BOOL_CONVERSION = YES;
				CLANG_WARN_CONSTANT_CONVERSION = YES;
				CLANG_WARN_DIRECT_OBJC_ISA_USAGE = YES_ERROR;
				CLANG_WARN_EMPTY_BODY = YES;
				CLANG_WARN_ENUM_CONVERSION = YES;
				CLANG_WARN_INT_CONVERSION = YES;
				CLANG_WARN_OBJC_ROOT_CLASS = YES_ERROR;
				CLANG_WARN_UNREACHABLE_CODE = YES;
				CLANG_WARN__DUPLICATE_METHOD_MATCH = YES;
				"CODE_SIGN_IDENTITY[sdk=iphoneos*]" = "iPhone Developer";
				COPY_PHASE_STRIP = NO;
				DEBUG_INFORMATION_FORMAT = "dwarf-with-dsym";
				ENABLE_NS_ASSERTIONS = NO;
				ENABLE_STRICT_OBJC_MSGSEND = YES;
				GCC_C_LANGUAGE_STANDARD = gnu99;
				GCC_NO_COMMON_BLOCKS = YES;
				GCC_WARN_64_TO_32_BIT_CONVERSION = YES;
				GCC_WARN_ABOUT_RETURN_TYPE = YES_ERROR;
				GCC_WARN_UNDECLARED_SELECTOR = YES;
				GCC_WARN_UNINITIALIZED_AUTOS = YES_AGGRESSIVE;
				GCC_WARN_UNUSED_FUNCTION = YES;
				GCC_WARN_UNUSED_VARIABLE = YES;
				IPHONEOS_DEPLOYMENT_TARGET = 9.3;
				MTL_ENABLE_DEBUG_INFO = NO;
				SDKROOT = iphoneos;
				TARGETED_DEVICE_FAMILY = "1,2";
				VALIDATE_PRODUCT = YES;
			};
			name = Release;
		};
		BC9A22BE1D43E7FE0038C7BC /* Debug */ = {
			isa = XCBuildConfiguration;
			buildSettings = {
				ASSETCATALOG_COMPILER_APPICON_NAME = AppIcon;
				FRAMEWORK_SEARCH_PATHS = (
					"$(inherited)",
					"$(PROJECT_DIR)/BetterFriend/Firebase/Database",
					"$(PROJECT_DIR)/BetterFriend/Firebase/AdMob",
					"$(PROJECT_DIR)/BetterFriend/Firebase/Analytics",
					"$(PROJECT_DIR)/BetterFriend/Firebase/AppIndexing",
					"$(PROJECT_DIR)/BetterFriend/Firebase/Auth",
					"$(PROJECT_DIR)/BetterFriend/Firebase/Crash",
					"$(PROJECT_DIR)/BetterFriend/Firebase/DynamicLinks",
					"$(PROJECT_DIR)/BetterFriend/Firebase/Invites",
					"$(PROJECT_DIR)/BetterFriend/Firebase/Messaging",
					"$(PROJECT_DIR)/BetterFriend/Firebase/RemoteConfig",
					"$(PROJECT_DIR)/BetterFriend/Firebase/Storage",
					"$(PROJECT_DIR)",
				);
				INFOPLIST_FILE = BetterFriend/Info.plist;
				LD_RUNPATH_SEARCH_PATHS = "$(inherited) @executable_path/Frameworks";
				OTHER_LDFLAGS = "-ObjC";
				PRODUCT_BUNDLE_IDENTIFIER = com.betterfriend.BetterFriend;
				PRODUCT_NAME = "$(TARGET_NAME)";
			};
			name = Debug;
		};
		BC9A22BF1D43E7FE0038C7BC /* Release */ = {
			isa = XCBuildConfiguration;
			buildSettings = {
				ASSETCATALOG_COMPILER_APPICON_NAME = AppIcon;
				FRAMEWORK_SEARCH_PATHS = (
					"$(inherited)",
					"$(PROJECT_DIR)/BetterFriend/Firebase/Database",
					"$(PROJECT_DIR)/BetterFriend/Firebase/AdMob",
					"$(PROJECT_DIR)/BetterFriend/Firebase/Analytics",
					"$(PROJECT_DIR)/BetterFriend/Firebase/AppIndexing",
					"$(PROJECT_DIR)/BetterFriend/Firebase/Auth",
					"$(PROJECT_DIR)/BetterFriend/Firebase/Crash",
					"$(PROJECT_DIR)/BetterFriend/Firebase/DynamicLinks",
					"$(PROJECT_DIR)/BetterFriend/Firebase/Invites",
					"$(PROJECT_DIR)/BetterFriend/Firebase/Messaging",
					"$(PROJECT_DIR)/BetterFriend/Firebase/RemoteConfig",
					"$(PROJECT_DIR)/BetterFriend/Firebase/Storage",
					"$(PROJECT_DIR)",
				);
				INFOPLIST_FILE = BetterFriend/Info.plist;
				LD_RUNPATH_SEARCH_PATHS = "$(inherited) @executable_path/Frameworks";
				OTHER_LDFLAGS = "-ObjC";
				PRODUCT_BUNDLE_IDENTIFIER = com.betterfriend.BetterFriend;
				PRODUCT_NAME = "$(TARGET_NAME)";
			};
			name = Release;
		};
		BC9A22C11D43E7FE0038C7BC /* Debug */ = {
			isa = XCBuildConfiguration;
			buildSettings = {
				BUNDLE_LOADER = "$(TEST_HOST)";
				INFOPLIST_FILE = BetterFriendTests/Info.plist;
				LD_RUNPATH_SEARCH_PATHS = "$(inherited) @executable_path/Frameworks @loader_path/Frameworks";
				PRODUCT_BUNDLE_IDENTIFIER = com.betterfriend.BetterFriendTests;
				PRODUCT_NAME = "$(TARGET_NAME)";
				TEST_HOST = "$(BUILT_PRODUCTS_DIR)/BetterFriend.app/BetterFriend";
			};
			name = Debug;
		};
		BC9A22C21D43E7FE0038C7BC /* Release */ = {
			isa = XCBuildConfiguration;
			buildSettings = {
				BUNDLE_LOADER = "$(TEST_HOST)";
				INFOPLIST_FILE = BetterFriendTests/Info.plist;
				LD_RUNPATH_SEARCH_PATHS = "$(inherited) @executable_path/Frameworks @loader_path/Frameworks";
				PRODUCT_BUNDLE_IDENTIFIER = com.betterfriend.BetterFriendTests;
				PRODUCT_NAME = "$(TARGET_NAME)";
				TEST_HOST = "$(BUILT_PRODUCTS_DIR)/BetterFriend.app/BetterFriend";
			};
			name = Release;
		};
		BC9A22C41D43E7FE0038C7BC /* Debug */ = {
			isa = XCBuildConfiguration;
			buildSettings = {
				INFOPLIST_FILE = BetterFriendUITests/Info.plist;
				LD_RUNPATH_SEARCH_PATHS = "$(inherited) @executable_path/Frameworks @loader_path/Frameworks";
				PRODUCT_BUNDLE_IDENTIFIER = com.betterfriend.BetterFriendUITests;
				PRODUCT_NAME = "$(TARGET_NAME)";
				TEST_TARGET_NAME = BetterFriend;
			};
			name = Debug;
		};
		BC9A22C51D43E7FE0038C7BC /* Release */ = {
			isa = XCBuildConfiguration;
			buildSettings = {
				INFOPLIST_FILE = BetterFriendUITests/Info.plist;
				LD_RUNPATH_SEARCH_PATHS = "$(inherited) @executable_path/Frameworks @loader_path/Frameworks";
				PRODUCT_BUNDLE_IDENTIFIER = com.betterfriend.BetterFriendUITests;
				PRODUCT_NAME = "$(TARGET_NAME)";
				TEST_TARGET_NAME = BetterFriend;
			};
			name = Release;
		};
/* End XCBuildConfiguration section */

/* Begin XCConfigurationList section */
		BC9A22881D43E7FE0038C7BC /* Build configuration list for PBXProject "BetterFriend" */ = {
			isa = XCConfigurationList;
			buildConfigurations = (
				BC9A22BB1D43E7FE0038C7BC /* Debug */,
				BC9A22BC1D43E7FE0038C7BC /* Release */,
			);
			defaultConfigurationIsVisible = 0;
			defaultConfigurationName = Release;
		};
		BC9A22BD1D43E7FE0038C7BC /* Build configuration list for PBXNativeTarget "BetterFriend" */ = {
			isa = XCConfigurationList;
			buildConfigurations = (
				BC9A22BE1D43E7FE0038C7BC /* Debug */,
				BC9A22BF1D43E7FE0038C7BC /* Release */,
			);
			defaultConfigurationIsVisible = 0;
			defaultConfigurationName = Release;
		};
		BC9A22C01D43E7FE0038C7BC /* Build configuration list for PBXNativeTarget "BetterFriendTests" */ = {
			isa = XCConfigurationList;
			buildConfigurations = (
				BC9A22C11D43E7FE0038C7BC /* Debug */,
				BC9A22C21D43E7FE0038C7BC /* Release */,
			);
			defaultConfigurationIsVisible = 0;
			defaultConfigurationName = Release;
		};
		BC9A22C31D43E7FE0038C7BC /* Build configuration list for PBXNativeTarget "BetterFriendUITests" */ = {
			isa = XCConfigurationList;
			buildConfigurations = (
				BC9A22C41D43E7FE0038C7BC /* Debug */,
				BC9A22C51D43E7FE0038C7BC /* Release */,
			);
			defaultConfigurationIsVisible = 0;
			defaultConfigurationName = Release;
		};
/* End XCConfigurationList section */

/* Begin XCVersionGroup section */
		BC9A22E11D44A7030038C7BC /* BetterFriend.xcdatamodeld */ = {
			isa = XCVersionGroup;
			children = (
				BC9A22E21D44A7030038C7BC /* BetterFriend.xcdatamodel */,
			);
			currentVersion = BC9A22E21D44A7030038C7BC /* BetterFriend.xcdatamodel */;
			path = BetterFriend.xcdatamodeld;
			sourceTree = "<group>";
			versionGroupType = wrapper.xcdatamodel;
		};
/* End XCVersionGroup section */
	};
	rootObject = BC9A22851D43E7FE0038C7BC /* Project object */;
}
